{
  "R": {
    "Version": "4.4.2",
    "Repositories": [
      {
        "Name": "CRAN",
        "URL": "https://packagemanager.posit.co/cran/latest"
      }
    ]
  },
  "Packages": {
    "metaRNASeq": {
      "Package": "metaRNASeq",
      "Version": "1.0.8",
      "Source": "Repository",
      "Type": "Package",
      "Title": "Meta-Analysis of RNA-Seq Data",
      "Date": "2025-03-26",
      "Authors@R": "c(person(given = \"Guillemette\", family = \"Marot\", role = c(\"aut\")), person(given = \"Andrea\", family = \"Rau\", role = \"aut\"), person(given = \"Florence\", family = \"Jaffrezic\", role = \"aut\"), person(given = \"Samuel\", family = \"Blanck\", role = c(\"ctb\", \"cre\"), email = \"samuel.blanck@univ-lille.fr\"))",
      "Depends": [
        "R (>= 3.5.0)"
      ],
      "Suggests": [
        "DESeq2 (>= 1.0.17)",
        "VennDiagram (>= 1.6.20)"
      ],
      "Description": "Implementation of two p-value combination techniques (inverse normal and Fisher methods). A vignette is provided to explain how to perform a meta-analysis from two independent RNA-seq experiments.",
      "License": "GPL",
      "LazyLoad": "yes",
      "NeedsCompilation": "no",
      "Repository": "CRAN",
      "Author": "Guillemette Marot [aut], Andrea Rau [aut], Florence Jaffrezic [aut], Samuel Blanck [ctb, cre]",
      "Maintainer": "Samuel Blanck <samuel.blanck@univ-lille.fr>",
      "Encoding": "UTF-8"
    },
    "renv": {
      "Package": "renv",
      "Version": "1.2.3",
      "Source": "Repository",
      "Type": "Package",
      "Title": "Project Environments",
      "Authors@R": "c( person(\"Kevin\", \"Ushey\", role = c(\"aut\", \"cre\"), email = \"kevin@rstudio.com\", comment = c(ORCID = \"0000-0003-2880-7407\")), person(\"Hadley\", \"Wickham\", role = c(\"aut\"), email = \"hadley@rstudio.com\", comment = c(ORCID = \"0000-0003-4757-117X\")), person(\"Posit Software, PBC\", role = c(\"cph\", \"fnd\")) )",
      "Description": "A dependency management toolkit for R. Using 'renv', you can create and manage project-local R libraries, save the state of these libraries to a 'lockfile', and later restore your library as required. Together, these tools can help make your projects more isolated, portable, and reproducible.",
      "License": "MIT + file LICENSE",
      "URL": "https://rstudio.github.io/renv/, https://github.com/rstudio/renv",
      "BugReports": "https://github.com/rstudio/renv/issues",
      "Imports": [
        "utils"
      ],
      "Suggests": [
        "BiocManager",
        "cli",
        "compiler",
        "covr",
        "cpp11",
        "curl",
        "devtools",
        "generics",
        "gitcreds",
        "jsonlite",
        "jsonvalidate",
        "knitr",
        "miniUI",
        "modules",
        "packrat",
        "pak",
        "R6",
        "remotes",
        "reticulate",
        "rmarkdown",
        "rstudioapi",
        "shiny",
        "testthat",
        "uuid",
        "waldo",
        "yaml",
        "webfakes"
      ],
      "Encoding": "UTF-8",
      "RoxygenNote": "7.3.3",
      "VignetteBuilder": "knitr",
      "Config/Needs/website": "tidyverse/tidytemplate",
      "Config/testthat/edition": "3",
      "Config/testthat/parallel": "true",
      "Config/testthat/start-first": "bioconductor,python,install,restore,snapshot,retrieve,remotes",
      "NeedsCompilation": "no",
      "Author": "Kevin Ushey [aut, cre] (ORCID: <https://orcid.org/0000-0003-2880-7407>), Hadley Wickham [aut] (ORCID: <https://orcid.org/0000-0003-4757-117X>), Posit Software, PBC [cph, fnd]",
      "Maintainer": "Kevin Ushey <kevin@rstudio.com>",
      "Repository": "RSPM"
    }
  }
}
